
Microsoft Visual Studio Solution File, Format Version 12.00
# Visual Studio 15
VisualStudioVersion = 15.0.26124.0
MinimumVisualStudioVersion = 15.0.26124.0
Project("{2150E333-8FDC-42A3-9474-1A3956D46DE8}") = "src", "src", "{86EB7A86-4F1D-4637-970E-F61407740DF7}"
EndProject
Project("{2150E333-8FDC-42A3-9474-1A3956D46DE8}") = "props", "props", "{2B372AA6-53AB-4A21-BA10-098C0DB7881F}"
	ProjectSection(SolutionItems) = preProject
		props\common.props = props\common.props
		props\dependencies.props = props\dependencies.props
		props\package.props = props\package.props
		props\version.props = props\version.props
	EndProjectSection
EndProject
Project("{FAE04EC0-301F-11D3-BF4B-00C04F79EFBC}") = "SuperMassive", "Source\SuperMassive\SuperMassive.csproj", "{C2D600CA-EAB2-456E-80AA-F72E2086C1D4}"
EndProject
Project("{2150E333-8FDC-42A3-9474-1A3956D46DE8}") = "tests", "tests", "{3B7A800E-39B9-405E-895C-81E292A40C14}"
EndProject
Project("{FAE04EC0-301F-11D3-BF4B-00C04F79EFBC}") = "SuperMassive.UnitTestHelpers", "Source\UnitTests\SuperMassive.UnitTestHelpers\SuperMassive.UnitTestHelpers.csproj", "{3026A579-CA06-450E-A8F1-B7250E8AA935}"
EndProject
Project("{FAE04EC0-301F-11D3-BF4B-00C04F79EFBC}") = "SuperMassive.Tests", "Source\UnitTests\SuperMassive.Tests\SuperMassive.Tests.csproj", "{5D933D37-9F23-4002-A832-6B775A0F9CE3}"
EndProject
Project("{FAE04EC0-301F-11D3-BF4B-00C04F79EFBC}") = "SuperMassive.Logging", "Source\SuperMassive.Logging\SuperMassive.Logging.csproj", "{42337532-137D-49D6-AAE9-E69DD386B634}"
EndProject
Project("{FAE04EC0-301F-11D3-BF4B-00C04F79EFBC}") = "SuperMassive.Logging.Tests", "Source\UnitTests\SuperMassive.Logging.Tests\SuperMassive.Logging.Tests.csproj", "{320776B2-EB4B-4E86-BF18-DAA22B260A71}"
EndProject
Project("{FAE04EC0-301F-11D3-BF4B-00C04F79EFBC}") = "SuperMassive.ExceptionHandling", "Source\SuperMassive.ExceptionHandling\SuperMassive.ExceptionHandling.csproj", "{8BD9F4FC-55BA-4F35-B265-8C113D118855}"
EndProject
Project("{FAE04EC0-301F-11D3-BF4B-00C04F79EFBC}") = "SuperMassive.ExceptionHandling.Logging", "Source\SuperMassive.ExceptionHandling.Logging\SuperMassive.ExceptionHandling.Logging.csproj", "{2732ACB8-7CAF-4BBC-88BC-1D0B85FFFDAE}"
EndProject
Project("{FAE04EC0-301F-11D3-BF4B-00C04F79EFBC}") = "SuperMassive.Fakers", "Source\SuperMassive.Fakers\SuperMassive.Fakers.csproj", "{7FAB001E-F20B-4851-9457-5FA2BD4ADFCE}"
EndProject
Project("{FAE04EC0-301F-11D3-BF4B-00C04F79EFBC}") = "SuperMassive.Logging.AzureTable", "Source\SuperMassive.Logging.AzureTable\SuperMassive.Logging.AzureTable.csproj", "{CB162E55-4B3F-4BC1-BF02-379DC0C611D9}"
EndProject
Project("{FAE04EC0-301F-11D3-BF4B-00C04F79EFBC}") = "SuperMassive.Fakers.Tests", "Source\UnitTests\SuperMassive.Fakers.Tests\SuperMassive.Fakers.Tests.csproj", "{9E75B802-7827-44E2-A49E-BC275E1F18BA}"
EndProject
Project("{FAE04EC0-301F-11D3-BF4B-00C04F79EFBC}") = "SuperMassive.Logging.AzureTable.Tests", "Source\UnitTests\SuperMassive.Logging.AzureTable.Tests\SuperMassive.Logging.AzureTable.Tests.csproj", "{1E827A80-2524-4EDD-B443-551A9DA48198}"
EndProject
Global
	GlobalSection(SolutionConfigurationPlatforms) = preSolution
		Debug|Any CPU = Debug|Any CPU
		Debug|x64 = Debug|x64
		Debug|x86 = Debug|x86
		Release|Any CPU = Release|Any CPU
		Release|x64 = Release|x64
		Release|x86 = Release|x86
	EndGlobalSection
	GlobalSection(SolutionProperties) = preSolution
		HideSolutionNode = FALSE
	EndGlobalSection
	GlobalSection(ProjectConfigurationPlatforms) = postSolution
		{C2D600CA-EAB2-456E-80AA-F72E2086C1D4}.Debug|Any CPU.ActiveCfg = Debug|Any CPU
		{C2D600CA-EAB2-456E-80AA-F72E2086C1D4}.Debug|Any CPU.Build.0 = Debug|Any CPU
		{C2D600CA-EAB2-456E-80AA-F72E2086C1D4}.Debug|x64.ActiveCfg = Debug|Any CPU
		{C2D600CA-EAB2-456E-80AA-F72E2086C1D4}.Debug|x64.Build.0 = Debug|Any CPU
		{C2D600CA-EAB2-456E-80AA-F72E2086C1D4}.Debug|x86.ActiveCfg = Debug|Any CPU
		{C2D600CA-EAB2-456E-80AA-F72E2086C1D4}.Debug|x86.Build.0 = Debug|Any CPU
		{C2D600CA-EAB2-456E-80AA-F72E2086C1D4}.Release|Any CPU.ActiveCfg = Release|Any CPU
		{C2D600CA-EAB2-456E-80AA-F72E2086C1D4}.Release|Any CPU.Build.0 = Release|Any CPU
		{C2D600CA-EAB2-456E-80AA-F72E2086C1D4}.Release|x64.ActiveCfg = Release|Any CPU
		{C2D600CA-EAB2-456E-80AA-F72E2086C1D4}.Release|x64.Build.0 = Release|Any CPU
		{C2D600CA-EAB2-456E-80AA-F72E2086C1D4}.Release|x86.ActiveCfg = Release|Any CPU
		{C2D600CA-EAB2-456E-80AA-F72E2086C1D4}.Release|x86.Build.0 = Release|Any CPU
		{3026A579-CA06-450E-A8F1-B7250E8AA935}.Debug|Any CPU.ActiveCfg = Debug|Any CPU
		{3026A579-CA06-450E-A8F1-B7250E8AA935}.Debug|Any CPU.Build.0 = Debug|Any CPU
		{3026A579-CA06-450E-A8F1-B7250E8AA935}.Debug|x64.ActiveCfg = Debug|Any CPU
		{3026A579-CA06-450E-A8F1-B7250E8AA935}.Debug|x64.Build.0 = Debug|Any CPU
		{3026A579-CA06-450E-A8F1-B7250E8AA935}.Debug|x86.ActiveCfg = Debug|Any CPU
		{3026A579-CA06-450E-A8F1-B7250E8AA935}.Debug|x86.Build.0 = Debug|Any CPU
		{3026A579-CA06-450E-A8F1-B7250E8AA935}.Release|Any CPU.ActiveCfg = Release|Any CPU
		{3026A579-CA06-450E-A8F1-B7250E8AA935}.Release|Any CPU.Build.0 = Release|Any CPU
		{3026A579-CA06-450E-A8F1-B7250E8AA935}.Release|x64.ActiveCfg = Release|Any CPU
		{3026A579-CA06-450E-A8F1-B7250E8AA935}.Release|x64.Build.0 = Release|Any CPU
		{3026A579-CA06-450E-A8F1-B7250E8AA935}.Release|x86.ActiveCfg = Release|Any CPU
		{3026A579-CA06-450E-A8F1-B7250E8AA935}.Release|x86.Build.0 = Release|Any CPU
		{5D933D37-9F23-4002-A832-6B775A0F9CE3}.Debug|Any CPU.ActiveCfg = Debug|Any CPU
		{5D933D37-9F23-4002-A832-6B775A0F9CE3}.Debug|Any CPU.Build.0 = Debug|Any CPU
		{5D933D37-9F23-4002-A832-6B775A0F9CE3}.Debug|x64.ActiveCfg = Debug|Any CPU
		{5D933D37-9F23-4002-A832-6B775A0F9CE3}.Debug|x64.Build.0 = Debug|Any CPU
		{5D933D37-9F23-4002-A832-6B775A0F9CE3}.Debug|x86.ActiveCfg = Debug|Any CPU
		{5D933D37-9F23-4002-A832-6B775A0F9CE3}.Debug|x86.Build.0 = Debug|Any CPU
		{5D933D37-9F23-4002-A832-6B775A0F9CE3}.Release|Any CPU.ActiveCfg = Release|Any CPU
		{5D933D37-9F23-4002-A832-6B775A0F9CE3}.Release|Any CPU.Build.0 = Release|Any CPU
		{5D933D37-9F23-4002-A832-6B775A0F9CE3}.Release|x64.ActiveCfg = Release|Any CPU
		{5D933D37-9F23-4002-A832-6B775A0F9CE3}.Release|x64.Build.0 = Release|Any CPU
		{5D933D37-9F23-4002-A832-6B775A0F9CE3}.Release|x86.ActiveCfg = Release|Any CPU
		{5D933D37-9F23-4002-A832-6B775A0F9CE3}.Release|x86.Build.0 = Release|Any CPU
		{42337532-137D-49D6-AAE9-E69DD386B634}.Debug|Any CPU.ActiveCfg = Debug|Any CPU
		{42337532-137D-49D6-AAE9-E69DD386B634}.Debug|Any CPU.Build.0 = Debug|Any CPU
		{42337532-137D-49D6-AAE9-E69DD386B634}.Debug|x64.ActiveCfg = Debug|Any CPU
		{42337532-137D-49D6-AAE9-E69DD386B634}.Debug|x64.Build.0 = Debug|Any CPU
		{42337532-137D-49D6-AAE9-E69DD386B634}.Debug|x86.ActiveCfg = Debug|Any CPU
		{42337532-137D-49D6-AAE9-E69DD386B634}.Debug|x86.Build.0 = Debug|Any CPU
		{42337532-137D-49D6-AAE9-E69DD386B634}.Release|Any CPU.ActiveCfg = Release|Any CPU
		{42337532-137D-49D6-AAE9-E69DD386B634}.Release|Any CPU.Build.0 = Release|Any CPU
		{42337532-137D-49D6-AAE9-E69DD386B634}.Release|x64.ActiveCfg = Release|Any CPU
		{42337532-137D-49D6-AAE9-E69DD386B634}.Release|x64.Build.0 = Release|Any CPU
		{42337532-137D-49D6-AAE9-E69DD386B634}.Release|x86.ActiveCfg = Release|Any CPU
		{42337532-137D-49D6-AAE9-E69DD386B634}.Release|x86.Build.0 = Release|Any CPU
		{320776B2-EB4B-4E86-BF18-DAA22B260A71}.Debug|Any CPU.ActiveCfg = Debug|Any CPU
		{320776B2-EB4B-4E86-BF18-DAA22B260A71}.Debug|Any CPU.Build.0 = Debug|Any CPU
		{320776B2-EB4B-4E86-BF18-DAA22B260A71}.Debug|x64.ActiveCfg = Debug|Any CPU
		{320776B2-EB4B-4E86-BF18-DAA22B260A71}.Debug|x64.Build.0 = Debug|Any CPU
		{320776B2-EB4B-4E86-BF18-DAA22B260A71}.Debug|x86.ActiveCfg = Debug|Any CPU
		{320776B2-EB4B-4E86-BF18-DAA22B260A71}.Debug|x86.Build.0 = Debug|Any CPU
		{320776B2-EB4B-4E86-BF18-DAA22B260A71}.Release|Any CPU.ActiveCfg = Release|Any CPU
		{320776B2-EB4B-4E86-BF18-DAA22B260A71}.Release|Any CPU.Build.0 = Release|Any CPU
		{320776B2-EB4B-4E86-BF18-DAA22B260A71}.Release|x64.ActiveCfg = Release|Any CPU
		{320776B2-EB4B-4E86-BF18-DAA22B260A71}.Release|x64.Build.0 = Release|Any CPU
		{320776B2-EB4B-4E86-BF18-DAA22B260A71}.Release|x86.ActiveCfg = Release|Any CPU
		{320776B2-EB4B-4E86-BF18-DAA22B260A71}.Release|x86.Build.0 = Release|Any CPU
		{8BD9F4FC-55BA-4F35-B265-8C113D118855}.Debug|Any CPU.ActiveCfg = Debug|Any CPU
		{8BD9F4FC-55BA-4F35-B265-8C113D118855}.Debug|Any CPU.Build.0 = Debug|Any CPU
		{8BD9F4FC-55BA-4F35-B265-8C113D118855}.Debug|x64.ActiveCfg = Debug|Any CPU
		{8BD9F4FC-55BA-4F35-B265-8C113D118855}.Debug|x64.Build.0 = Debug|Any CPU
		{8BD9F4FC-55BA-4F35-B265-8C113D118855}.Debug|x86.ActiveCfg = Debug|Any CPU
		{8BD9F4FC-55BA-4F35-B265-8C113D118855}.Debug|x86.Build.0 = Debug|Any CPU
		{8BD9F4FC-55BA-4F35-B265-8C113D118855}.Release|Any CPU.ActiveCfg = Release|Any CPU
		{8BD9F4FC-55BA-4F35-B265-8C113D118855}.Release|Any CPU.Build.0 = Release|Any CPU
		{8BD9F4FC-55BA-4F35-B265-8C113D118855}.Release|x64.ActiveCfg = Release|Any CPU
		{8BD9F4FC-55BA-4F35-B265-8C113D118855}.Release|x64.Build.0 = Release|Any CPU
		{8BD9F4FC-55BA-4F35-B265-8C113D118855}.Release|x86.ActiveCfg = Release|Any CPU
		{8BD9F4FC-55BA-4F35-B265-8C113D118855}.Release|x86.Build.0 = Release|Any CPU
		{2732ACB8-7CAF-4BBC-88BC-1D0B85FFFDAE}.Debug|Any CPU.ActiveCfg = Debug|Any CPU
		{2732ACB8-7CAF-4BBC-88BC-1D0B85FFFDAE}.Debug|Any CPU.Build.0 = Debug|Any CPU
		{2732ACB8-7CAF-4BBC-88BC-1D0B85FFFDAE}.Debug|x64.ActiveCfg = Debug|Any CPU
		{2732ACB8-7CAF-4BBC-88BC-1D0B85FFFDAE}.Debug|x64.Build.0 = Debug|Any CPU
		{2732ACB8-7CAF-4BBC-88BC-1D0B85FFFDAE}.Debug|x86.ActiveCfg = Debug|Any CPU
		{2732ACB8-7CAF-4BBC-88BC-1D0B85FFFDAE}.Debug|x86.Build.0 = Debug|Any CPU
		{2732ACB8-7CAF-4BBC-88BC-1D0B85FFFDAE}.Release|Any CPU.ActiveCfg = Release|Any CPU
		{2732ACB8-7CAF-4BBC-88BC-1D0B85FFFDAE}.Release|Any CPU.Build.0 = Release|Any CPU
		{2732ACB8-7CAF-4BBC-88BC-1D0B85FFFDAE}.Release|x64.ActiveCfg = Release|Any CPU
		{2732ACB8-7CAF-4BBC-88BC-1D0B85FFFDAE}.Release|x64.Build.0 = Release|Any CPU
		{2732ACB8-7CAF-4BBC-88BC-1D0B85FFFDAE}.Release|x86.ActiveCfg = Release|Any CPU
		{2732ACB8-7CAF-4BBC-88BC-1D0B85FFFDAE}.Release|x86.Build.0 = Release|Any CPU
		{7FAB001E-F20B-4851-9457-5FA2BD4ADFCE}.Debug|Any CPU.ActiveCfg = Debug|Any CPU
		{7FAB001E-F20B-4851-9457-5FA2BD4ADFCE}.Debug|Any CPU.Build.0 = Debug|Any CPU
		{7FAB001E-F20B-4851-9457-5FA2BD4ADFCE}.Debug|x64.ActiveCfg = Debug|Any CPU
		{7FAB001E-F20B-4851-9457-5FA2BD4ADFCE}.Debug|x64.Build.0 = Debug|Any CPU
		{7FAB001E-F20B-4851-9457-5FA2BD4ADFCE}.Debug|x86.ActiveCfg = Debug|Any CPU
		{7FAB001E-F20B-4851-9457-5FA2BD4ADFCE}.Debug|x86.Build.0 = Debug|Any CPU
		{7FAB001E-F20B-4851-9457-5FA2BD4ADFCE}.Release|Any CPU.ActiveCfg = Release|Any CPU
		{7FAB001E-F20B-4851-9457-5FA2BD4ADFCE}.Release|Any CPU.Build.0 = Release|Any CPU
		{7FAB001E-F20B-4851-9457-5FA2BD4ADFCE}.Release|x64.ActiveCfg = Release|Any CPU
		{7FAB001E-F20B-4851-9457-5FA2BD4ADFCE}.Release|x64.Build.0 = Release|Any CPU
		{7FAB001E-F20B-4851-9457-5FA2BD4ADFCE}.Release|x86.ActiveCfg = Release|Any CPU
		{7FAB001E-F20B-4851-9457-5FA2BD4ADFCE}.Release|x86.Build.0 = Release|Any CPU
		{CB162E55-4B3F-4BC1-BF02-379DC0C611D9}.Debug|Any CPU.ActiveCfg = Debug|Any CPU
		{CB162E55-4B3F-4BC1-BF02-379DC0C611D9}.Debug|Any CPU.Build.0 = Debug|Any CPU
		{CB162E55-4B3F-4BC1-BF02-379DC0C611D9}.Debug|x64.ActiveCfg = Debug|Any CPU
		{CB162E55-4B3F-4BC1-BF02-379DC0C611D9}.Debug|x64.Build.0 = Debug|Any CPU
		{CB162E55-4B3F-4BC1-BF02-379DC0C611D9}.Debug|x86.ActiveCfg = Debug|Any CPU
		{CB162E55-4B3F-4BC1-BF02-379DC0C611D9}.Debug|x86.Build.0 = Debug|Any CPU
		{CB162E55-4B3F-4BC1-BF02-379DC0C611D9}.Release|Any CPU.ActiveCfg = Release|Any CPU
		{CB162E55-4B3F-4BC1-BF02-379DC0C611D9}.Release|Any CPU.Build.0 = Release|Any CPU
		{CB162E55-4B3F-4BC1-BF02-379DC0C611D9}.Release|x64.ActiveCfg = Release|Any CPU
		{CB162E55-4B3F-4BC1-BF02-379DC0C611D9}.Release|x64.Build.0 = Release|Any CPU
		{CB162E55-4B3F-4BC1-BF02-379DC0C611D9}.Release|x86.ActiveCfg = Release|Any CPU
		{CB162E55-4B3F-4BC1-BF02-379DC0C611D9}.Release|x86.Build.0 = Release|Any CPU
		{9E75B802-7827-44E2-A49E-BC275E1F18BA}.Debug|Any CPU.ActiveCfg = Debug|Any CPU
		{9E75B802-7827-44E2-A49E-BC275E1F18BA}.Debug|Any CPU.Build.0 = Debug|Any CPU
		{9E75B802-7827-44E2-A49E-BC275E1F18BA}.Debug|x64.ActiveCfg = Debug|Any CPU
		{9E75B802-7827-44E2-A49E-BC275E1F18BA}.Debug|x64.Build.0 = Debug|Any CPU
		{9E75B802-7827-44E2-A49E-BC275E1F18BA}.Debug|x86.ActiveCfg = Debug|Any CPU
		{9E75B802-7827-44E2-A49E-BC275E1F18BA}.Debug|x86.Build.0 = Debug|Any CPU
		{9E75B802-7827-44E2-A49E-BC275E1F18BA}.Release|Any CPU.ActiveCfg = Release|Any CPU
		{9E75B802-7827-44E2-A49E-BC275E1F18BA}.Release|Any CPU.Build.0 = Release|Any CPU
		{9E75B802-7827-44E2-A49E-BC275E1F18BA}.Release|x64.ActiveCfg = Release|Any CPU
		{9E75B802-7827-44E2-A49E-BC275E1F18BA}.Release|x64.Build.0 = Release|Any CPU
		{9E75B802-7827-44E2-A49E-BC275E1F18BA}.Release|x86.ActiveCfg = Release|Any CPU
		{9E75B802-7827-44E2-A49E-BC275E1F18BA}.Release|x86.Build.0 = Release|Any CPU
		{1E827A80-2524-4EDD-B443-551A9DA48198}.Debug|Any CPU.ActiveCfg = Debug|Any CPU
		{1E827A80-2524-4EDD-B443-551A9DA48198}.Debug|Any CPU.Build.0 = Debug|Any CPU
		{1E827A80-2524-4EDD-B443-551A9DA48198}.Debug|x64.ActiveCfg = Debug|Any CPU
		{1E827A80-2524-4EDD-B443-551A9DA48198}.Debug|x64.Build.0 = Debug|Any CPU
		{1E827A80-2524-4EDD-B443-551A9DA48198}.Debug|x86.ActiveCfg = Debug|Any CPU
		{1E827A80-2524-4EDD-B443-551A9DA48198}.Debug|x86.Build.0 = Debug|Any CPU
		{1E827A80-2524-4EDD-B443-551A9DA48198}.Release|Any CPU.ActiveCfg = Release|Any CPU
		{1E827A80-2524-4EDD-B443-551A9DA48198}.Release|Any CPU.Build.0 = Release|Any CPU
		{1E827A80-2524-4EDD-B443-551A9DA48198}.Release|x64.ActiveCfg = Release|Any CPU
		{1E827A80-2524-4EDD-B443-551A9DA48198}.Release|x64.Build.0 = Release|Any CPU
		{1E827A80-2524-4EDD-B443-551A9DA48198}.Release|x86.ActiveCfg = Release|Any CPU
		{1E827A80-2524-4EDD-B443-551A9DA48198}.Release|x86.Build.0 = Release|Any CPU
	EndGlobalSection
	GlobalSection(NestedProjects) = preSolution
		{C2D600CA-EAB2-456E-80AA-F72E2086C1D4} = {86EB7A86-4F1D-4637-970E-F61407740DF7}
		{3026A579-CA06-450E-A8F1-B7250E8AA935} = {3B7A800E-39B9-405E-895C-81E292A40C14}
		{5D933D37-9F23-4002-A832-6B775A0F9CE3} = {3B7A800E-39B9-405E-895C-81E292A40C14}
		{42337532-137D-49D6-AAE9-E69DD386B634} = {86EB7A86-4F1D-4637-970E-F61407740DF7}
		{320776B2-EB4B-4E86-BF18-DAA22B260A71} = {3B7A800E-39B9-405E-895C-81E292A40C14}
		{8BD9F4FC-55BA-4F35-B265-8C113D118855} = {86EB7A86-4F1D-4637-970E-F61407740DF7}
		{2732ACB8-7CAF-4BBC-88BC-1D0B85FFFDAE} = {86EB7A86-4F1D-4637-970E-F61407740DF7}
		{7FAB001E-F20B-4851-9457-5FA2BD4ADFCE} = {86EB7A86-4F1D-4637-970E-F61407740DF7}
		{CB162E55-4B3F-4BC1-BF02-379DC0C611D9} = {86EB7A86-4F1D-4637-970E-F61407740DF7}
		{9E75B802-7827-44E2-A49E-BC275E1F18BA} = {3B7A800E-39B9-405E-895C-81E292A40C14}
		{1E827A80-2524-4EDD-B443-551A9DA48198} = {3B7A800E-39B9-405E-895C-81E292A40C14}
	EndGlobalSection
EndGlobal
