
Microsoft Visual Studio Solution File, Format Version 12.00
# Visual Studio 15
VisualStudioVersion = 15.0.26124.0
MinimumVisualStudioVersion = 15.0.26124.0
Project("{2150E333-8FDC-42A3-9474-1A3956D46DE8}") = "src", "src", "{86EB7A86-4F1D-4637-970E-F61407740DF7}"
EndProject
Project("{2150E333-8FDC-42A3-9474-1A3956D46DE8}") = "props", "props", "{2B372AA6-53AB-4A21-BA10-098C0DB7881F}"
	ProjectSection(SolutionItems) = preProject
		props\common.props = props\common.props
		props\dependencies.props = props\dependencies.props
		props\package.props = props\package.props
		props\version.props = props\version.props
	EndProjectSection
EndProject
Project("{2150E333-8FDC-42A3-9474-1A3956D46DE8}") = "tests", "tests", "{3B7A800E-39B9-405E-895C-81E292A40C14}"
EndProject
Project("{FAE04EC0-301F-11D3-BF4B-00C04F79EFBC}") = "SuperMassive", "src\SuperMassive\SuperMassive.csproj", "{6E00C548-906C-463C-99E6-AC2E2996168D}"
EndProject
Project("{FAE04EC0-301F-11D3-BF4B-00C04F79EFBC}") = "SuperMassive.ExceptionHandling", "src\SuperMassive.ExceptionHandling\SuperMassive.ExceptionHandling.csproj", "{8F9EF34F-2C7D-4A02-97CA-929014AF8ADC}"
EndProject
Project("{FAE04EC0-301F-11D3-BF4B-00C04F79EFBC}") = "SuperMassive.Logging", "src\SuperMassive.Logging\SuperMassive.Logging.csproj", "{5715CDC6-37C3-4ECA-B148-60A21F6EEE00}"
EndProject
Project("{FAE04EC0-301F-11D3-BF4B-00C04F79EFBC}") = "SuperMassive.ExceptionHandling.Logging", "src\SuperMassive.ExceptionHandling.Logging\SuperMassive.ExceptionHandling.Logging.csproj", "{FFE53F61-BDEC-4FD1-9799-9CD48FD7DA6E}"
EndProject
Project("{FAE04EC0-301F-11D3-BF4B-00C04F79EFBC}") = "SuperMassive.Logging.AzureTable", "src\SuperMassive.Logging.AzureTable\SuperMassive.Logging.AzureTable.csproj", "{F974F5E3-C12F-4B31-ACAB-39A7CA074094}"
EndProject
Project("{FAE04EC0-301F-11D3-BF4B-00C04F79EFBC}") = "SuperMassive.Fakers", "src\SuperMassive.Fakers\SuperMassive.Fakers.csproj", "{A14EAF9E-44A6-43F8-9EF4-04FF67EDDB36}"
EndProject
Project("{FAE04EC0-301F-11D3-BF4B-00C04F79EFBC}") = "SuperMassive.Tests", "tests\SuperMassive.Tests.Unit\SuperMassive.Tests.csproj", "{E4009E08-E8CE-49E3-953B-306677AC36AF}"
EndProject
Project("{FAE04EC0-301F-11D3-BF4B-00C04F79EFBC}") = "SuperMassive.Logging.Tests", "tests\SuperMassive.Logging.Tests.Unit\SuperMassive.Logging.Tests.csproj", "{F2E9A806-49D7-427B-8AFD-0303353E76E3}"
EndProject
Project("{FAE04EC0-301F-11D3-BF4B-00C04F79EFBC}") = "SuperMassive.Fakers.Tests.Unit", "tests\SuperMassive.Fakers.Tests.Unit\SuperMassive.Fakers.Tests.Unit.csproj", "{78E83DDB-72A8-4FF9-A7A8-1BD58BE04C71}"
EndProject
Project("{FAE04EC0-301F-11D3-BF4B-00C04F79EFBC}") = "SuperMassive.Logging.AzureTable.Tests", "tests\SuperMassive.Logging.AzureTable.Tests.Unit\SuperMassive.Logging.AzureTable.Tests.csproj", "{FD53BBA8-F984-4A2D-A71E-893668F87862}"
EndProject
Global
	GlobalSection(SolutionConfigurationPlatforms) = preSolution
		Debug|Any CPU = Debug|Any CPU
		Debug|x64 = Debug|x64
		Debug|x86 = Debug|x86
		Release|Any CPU = Release|Any CPU
		Release|x64 = Release|x64
		Release|x86 = Release|x86
	EndGlobalSection
	GlobalSection(SolutionProperties) = preSolution
		HideSolutionNode = FALSE
	EndGlobalSection
	GlobalSection(ProjectConfigurationPlatforms) = postSolution
		{6E00C548-906C-463C-99E6-AC2E2996168D}.Debug|Any CPU.ActiveCfg = Debug|Any CPU
		{6E00C548-906C-463C-99E6-AC2E2996168D}.Debug|Any CPU.Build.0 = Debug|Any CPU
		{6E00C548-906C-463C-99E6-AC2E2996168D}.Debug|x64.ActiveCfg = Debug|Any CPU
		{6E00C548-906C-463C-99E6-AC2E2996168D}.Debug|x64.Build.0 = Debug|Any CPU
		{6E00C548-906C-463C-99E6-AC2E2996168D}.Debug|x86.ActiveCfg = Debug|Any CPU
		{6E00C548-906C-463C-99E6-AC2E2996168D}.Debug|x86.Build.0 = Debug|Any CPU
		{6E00C548-906C-463C-99E6-AC2E2996168D}.Release|Any CPU.ActiveCfg = Release|Any CPU
		{6E00C548-906C-463C-99E6-AC2E2996168D}.Release|Any CPU.Build.0 = Release|Any CPU
		{6E00C548-906C-463C-99E6-AC2E2996168D}.Release|x64.ActiveCfg = Release|Any CPU
		{6E00C548-906C-463C-99E6-AC2E2996168D}.Release|x64.Build.0 = Release|Any CPU
		{6E00C548-906C-463C-99E6-AC2E2996168D}.Release|x86.ActiveCfg = Release|Any CPU
		{6E00C548-906C-463C-99E6-AC2E2996168D}.Release|x86.Build.0 = Release|Any CPU
		{8F9EF34F-2C7D-4A02-97CA-929014AF8ADC}.Debug|Any CPU.ActiveCfg = Debug|Any CPU
		{8F9EF34F-2C7D-4A02-97CA-929014AF8ADC}.Debug|Any CPU.Build.0 = Debug|Any CPU
		{8F9EF34F-2C7D-4A02-97CA-929014AF8ADC}.Debug|x64.ActiveCfg = Debug|Any CPU
		{8F9EF34F-2C7D-4A02-97CA-929014AF8ADC}.Debug|x64.Build.0 = Debug|Any CPU
		{8F9EF34F-2C7D-4A02-97CA-929014AF8ADC}.Debug|x86.ActiveCfg = Debug|Any CPU
		{8F9EF34F-2C7D-4A02-97CA-929014AF8ADC}.Debug|x86.Build.0 = Debug|Any CPU
		{8F9EF34F-2C7D-4A02-97CA-929014AF8ADC}.Release|Any CPU.ActiveCfg = Release|Any CPU
		{8F9EF34F-2C7D-4A02-97CA-929014AF8ADC}.Release|Any CPU.Build.0 = Release|Any CPU
		{8F9EF34F-2C7D-4A02-97CA-929014AF8ADC}.Release|x64.ActiveCfg = Release|Any CPU
		{8F9EF34F-2C7D-4A02-97CA-929014AF8ADC}.Release|x64.Build.0 = Release|Any CPU
		{8F9EF34F-2C7D-4A02-97CA-929014AF8ADC}.Release|x86.ActiveCfg = Release|Any CPU
		{8F9EF34F-2C7D-4A02-97CA-929014AF8ADC}.Release|x86.Build.0 = Release|Any CPU
		{5715CDC6-37C3-4ECA-B148-60A21F6EEE00}.Debug|Any CPU.ActiveCfg = Debug|Any CPU
		{5715CDC6-37C3-4ECA-B148-60A21F6EEE00}.Debug|Any CPU.Build.0 = Debug|Any CPU
		{5715CDC6-37C3-4ECA-B148-60A21F6EEE00}.Debug|x64.ActiveCfg = Debug|Any CPU
		{5715CDC6-37C3-4ECA-B148-60A21F6EEE00}.Debug|x64.Build.0 = Debug|Any CPU
		{5715CDC6-37C3-4ECA-B148-60A21F6EEE00}.Debug|x86.ActiveCfg = Debug|Any CPU
		{5715CDC6-37C3-4ECA-B148-60A21F6EEE00}.Debug|x86.Build.0 = Debug|Any CPU
		{5715CDC6-37C3-4ECA-B148-60A21F6EEE00}.Release|Any CPU.ActiveCfg = Release|Any CPU
		{5715CDC6-37C3-4ECA-B148-60A21F6EEE00}.Release|Any CPU.Build.0 = Release|Any CPU
		{5715CDC6-37C3-4ECA-B148-60A21F6EEE00}.Release|x64.ActiveCfg = Release|Any CPU
		{5715CDC6-37C3-4ECA-B148-60A21F6EEE00}.Release|x64.Build.0 = Release|Any CPU
		{5715CDC6-37C3-4ECA-B148-60A21F6EEE00}.Release|x86.ActiveCfg = Release|Any CPU
		{5715CDC6-37C3-4ECA-B148-60A21F6EEE00}.Release|x86.Build.0 = Release|Any CPU
		{FFE53F61-BDEC-4FD1-9799-9CD48FD7DA6E}.Debug|Any CPU.ActiveCfg = Debug|Any CPU
		{FFE53F61-BDEC-4FD1-9799-9CD48FD7DA6E}.Debug|Any CPU.Build.0 = Debug|Any CPU
		{FFE53F61-BDEC-4FD1-9799-9CD48FD7DA6E}.Debug|x64.ActiveCfg = Debug|Any CPU
		{FFE53F61-BDEC-4FD1-9799-9CD48FD7DA6E}.Debug|x64.Build.0 = Debug|Any CPU
		{FFE53F61-BDEC-4FD1-9799-9CD48FD7DA6E}.Debug|x86.ActiveCfg = Debug|Any CPU
		{FFE53F61-BDEC-4FD1-9799-9CD48FD7DA6E}.Debug|x86.Build.0 = Debug|Any CPU
		{FFE53F61-BDEC-4FD1-9799-9CD48FD7DA6E}.Release|Any CPU.ActiveCfg = Release|Any CPU
		{FFE53F61-BDEC-4FD1-9799-9CD48FD7DA6E}.Release|Any CPU.Build.0 = Release|Any CPU
		{FFE53F61-BDEC-4FD1-9799-9CD48FD7DA6E}.Release|x64.ActiveCfg = Release|Any CPU
		{FFE53F61-BDEC-4FD1-9799-9CD48FD7DA6E}.Release|x64.Build.0 = Release|Any CPU
		{FFE53F61-BDEC-4FD1-9799-9CD48FD7DA6E}.Release|x86.ActiveCfg = Release|Any CPU
		{FFE53F61-BDEC-4FD1-9799-9CD48FD7DA6E}.Release|x86.Build.0 = Release|Any CPU
		{F974F5E3-C12F-4B31-ACAB-39A7CA074094}.Debug|Any CPU.ActiveCfg = Debug|Any CPU
		{F974F5E3-C12F-4B31-ACAB-39A7CA074094}.Debug|Any CPU.Build.0 = Debug|Any CPU
		{F974F5E3-C12F-4B31-ACAB-39A7CA074094}.Debug|x64.ActiveCfg = Debug|Any CPU
		{F974F5E3-C12F-4B31-ACAB-39A7CA074094}.Debug|x64.Build.0 = Debug|Any CPU
		{F974F5E3-C12F-4B31-ACAB-39A7CA074094}.Debug|x86.ActiveCfg = Debug|Any CPU
		{F974F5E3-C12F-4B31-ACAB-39A7CA074094}.Debug|x86.Build.0 = Debug|Any CPU
		{F974F5E3-C12F-4B31-ACAB-39A7CA074094}.Release|Any CPU.ActiveCfg = Release|Any CPU
		{F974F5E3-C12F-4B31-ACAB-39A7CA074094}.Release|Any CPU.Build.0 = Release|Any CPU
		{F974F5E3-C12F-4B31-ACAB-39A7CA074094}.Release|x64.ActiveCfg = Release|Any CPU
		{F974F5E3-C12F-4B31-ACAB-39A7CA074094}.Release|x64.Build.0 = Release|Any CPU
		{F974F5E3-C12F-4B31-ACAB-39A7CA074094}.Release|x86.ActiveCfg = Release|Any CPU
		{F974F5E3-C12F-4B31-ACAB-39A7CA074094}.Release|x86.Build.0 = Release|Any CPU
		{A14EAF9E-44A6-43F8-9EF4-04FF67EDDB36}.Debug|Any CPU.ActiveCfg = Debug|Any CPU
		{A14EAF9E-44A6-43F8-9EF4-04FF67EDDB36}.Debug|Any CPU.Build.0 = Debug|Any CPU
		{A14EAF9E-44A6-43F8-9EF4-04FF67EDDB36}.Debug|x64.ActiveCfg = Debug|Any CPU
		{A14EAF9E-44A6-43F8-9EF4-04FF67EDDB36}.Debug|x64.Build.0 = Debug|Any CPU
		{A14EAF9E-44A6-43F8-9EF4-04FF67EDDB36}.Debug|x86.ActiveCfg = Debug|Any CPU
		{A14EAF9E-44A6-43F8-9EF4-04FF67EDDB36}.Debug|x86.Build.0 = Debug|Any CPU
		{A14EAF9E-44A6-43F8-9EF4-04FF67EDDB36}.Release|Any CPU.ActiveCfg = Release|Any CPU
		{A14EAF9E-44A6-43F8-9EF4-04FF67EDDB36}.Release|Any CPU.Build.0 = Release|Any CPU
		{A14EAF9E-44A6-43F8-9EF4-04FF67EDDB36}.Release|x64.ActiveCfg = Release|Any CPU
		{A14EAF9E-44A6-43F8-9EF4-04FF67EDDB36}.Release|x64.Build.0 = Release|Any CPU
		{A14EAF9E-44A6-43F8-9EF4-04FF67EDDB36}.Release|x86.ActiveCfg = Release|Any CPU
		{A14EAF9E-44A6-43F8-9EF4-04FF67EDDB36}.Release|x86.Build.0 = Release|Any CPU
		{E4009E08-E8CE-49E3-953B-306677AC36AF}.Debug|Any CPU.ActiveCfg = Debug|Any CPU
		{E4009E08-E8CE-49E3-953B-306677AC36AF}.Debug|Any CPU.Build.0 = Debug|Any CPU
		{E4009E08-E8CE-49E3-953B-306677AC36AF}.Debug|x64.ActiveCfg = Debug|Any CPU
		{E4009E08-E8CE-49E3-953B-306677AC36AF}.Debug|x64.Build.0 = Debug|Any CPU
		{E4009E08-E8CE-49E3-953B-306677AC36AF}.Debug|x86.ActiveCfg = Debug|Any CPU
		{E4009E08-E8CE-49E3-953B-306677AC36AF}.Debug|x86.Build.0 = Debug|Any CPU
		{E4009E08-E8CE-49E3-953B-306677AC36AF}.Release|Any CPU.ActiveCfg = Release|Any CPU
		{E4009E08-E8CE-49E3-953B-306677AC36AF}.Release|Any CPU.Build.0 = Release|Any CPU
		{E4009E08-E8CE-49E3-953B-306677AC36AF}.Release|x64.ActiveCfg = Release|Any CPU
		{E4009E08-E8CE-49E3-953B-306677AC36AF}.Release|x64.Build.0 = Release|Any CPU
		{E4009E08-E8CE-49E3-953B-306677AC36AF}.Release|x86.ActiveCfg = Release|Any CPU
		{E4009E08-E8CE-49E3-953B-306677AC36AF}.Release|x86.Build.0 = Release|Any CPU
		{F2E9A806-49D7-427B-8AFD-0303353E76E3}.Debug|Any CPU.ActiveCfg = Debug|Any CPU
		{F2E9A806-49D7-427B-8AFD-0303353E76E3}.Debug|Any CPU.Build.0 = Debug|Any CPU
		{F2E9A806-49D7-427B-8AFD-0303353E76E3}.Debug|x64.ActiveCfg = Debug|Any CPU
		{F2E9A806-49D7-427B-8AFD-0303353E76E3}.Debug|x64.Build.0 = Debug|Any CPU
		{F2E9A806-49D7-427B-8AFD-0303353E76E3}.Debug|x86.ActiveCfg = Debug|Any CPU
		{F2E9A806-49D7-427B-8AFD-0303353E76E3}.Debug|x86.Build.0 = Debug|Any CPU
		{F2E9A806-49D7-427B-8AFD-0303353E76E3}.Release|Any CPU.ActiveCfg = Release|Any CPU
		{F2E9A806-49D7-427B-8AFD-0303353E76E3}.Release|Any CPU.Build.0 = Release|Any CPU
		{F2E9A806-49D7-427B-8AFD-0303353E76E3}.Release|x64.ActiveCfg = Release|Any CPU
		{F2E9A806-49D7-427B-8AFD-0303353E76E3}.Release|x64.Build.0 = Release|Any CPU
		{F2E9A806-49D7-427B-8AFD-0303353E76E3}.Release|x86.ActiveCfg = Release|Any CPU
		{F2E9A806-49D7-427B-8AFD-0303353E76E3}.Release|x86.Build.0 = Release|Any CPU
		{78E83DDB-72A8-4FF9-A7A8-1BD58BE04C71}.Debug|Any CPU.ActiveCfg = Debug|Any CPU
		{78E83DDB-72A8-4FF9-A7A8-1BD58BE04C71}.Debug|Any CPU.Build.0 = Debug|Any CPU
		{78E83DDB-72A8-4FF9-A7A8-1BD58BE04C71}.Debug|x64.ActiveCfg = Debug|Any CPU
		{78E83DDB-72A8-4FF9-A7A8-1BD58BE04C71}.Debug|x64.Build.0 = Debug|Any CPU
		{78E83DDB-72A8-4FF9-A7A8-1BD58BE04C71}.Debug|x86.ActiveCfg = Debug|Any CPU
		{78E83DDB-72A8-4FF9-A7A8-1BD58BE04C71}.Debug|x86.Build.0 = Debug|Any CPU
		{78E83DDB-72A8-4FF9-A7A8-1BD58BE04C71}.Release|Any CPU.ActiveCfg = Release|Any CPU
		{78E83DDB-72A8-4FF9-A7A8-1BD58BE04C71}.Release|Any CPU.Build.0 = Release|Any CPU
		{78E83DDB-72A8-4FF9-A7A8-1BD58BE04C71}.Release|x64.ActiveCfg = Release|Any CPU
		{78E83DDB-72A8-4FF9-A7A8-1BD58BE04C71}.Release|x64.Build.0 = Release|Any CPU
		{78E83DDB-72A8-4FF9-A7A8-1BD58BE04C71}.Release|x86.ActiveCfg = Release|Any CPU
		{78E83DDB-72A8-4FF9-A7A8-1BD58BE04C71}.Release|x86.Build.0 = Release|Any CPU
		{FD53BBA8-F984-4A2D-A71E-893668F87862}.Debug|Any CPU.ActiveCfg = Debug|Any CPU
		{FD53BBA8-F984-4A2D-A71E-893668F87862}.Debug|Any CPU.Build.0 = Debug|Any CPU
		{FD53BBA8-F984-4A2D-A71E-893668F87862}.Debug|x64.ActiveCfg = Debug|Any CPU
		{FD53BBA8-F984-4A2D-A71E-893668F87862}.Debug|x64.Build.0 = Debug|Any CPU
		{FD53BBA8-F984-4A2D-A71E-893668F87862}.Debug|x86.ActiveCfg = Debug|Any CPU
		{FD53BBA8-F984-4A2D-A71E-893668F87862}.Debug|x86.Build.0 = Debug|Any CPU
		{FD53BBA8-F984-4A2D-A71E-893668F87862}.Release|Any CPU.ActiveCfg = Release|Any CPU
		{FD53BBA8-F984-4A2D-A71E-893668F87862}.Release|Any CPU.Build.0 = Release|Any CPU
		{FD53BBA8-F984-4A2D-A71E-893668F87862}.Release|x64.ActiveCfg = Release|Any CPU
		{FD53BBA8-F984-4A2D-A71E-893668F87862}.Release|x64.Build.0 = Release|Any CPU
		{FD53BBA8-F984-4A2D-A71E-893668F87862}.Release|x86.ActiveCfg = Release|Any CPU
		{FD53BBA8-F984-4A2D-A71E-893668F87862}.Release|x86.Build.0 = Release|Any CPU
	EndGlobalSection
	GlobalSection(NestedProjects) = preSolution
		{6E00C548-906C-463C-99E6-AC2E2996168D} = {86EB7A86-4F1D-4637-970E-F61407740DF7}
		{8F9EF34F-2C7D-4A02-97CA-929014AF8ADC} = {86EB7A86-4F1D-4637-970E-F61407740DF7}
		{5715CDC6-37C3-4ECA-B148-60A21F6EEE00} = {86EB7A86-4F1D-4637-970E-F61407740DF7}
		{FFE53F61-BDEC-4FD1-9799-9CD48FD7DA6E} = {86EB7A86-4F1D-4637-970E-F61407740DF7}
		{F974F5E3-C12F-4B31-ACAB-39A7CA074094} = {86EB7A86-4F1D-4637-970E-F61407740DF7}
		{A14EAF9E-44A6-43F8-9EF4-04FF67EDDB36} = {86EB7A86-4F1D-4637-970E-F61407740DF7}
		{E4009E08-E8CE-49E3-953B-306677AC36AF} = {3B7A800E-39B9-405E-895C-81E292A40C14}
		{F2E9A806-49D7-427B-8AFD-0303353E76E3} = {3B7A800E-39B9-405E-895C-81E292A40C14}
		{78E83DDB-72A8-4FF9-A7A8-1BD58BE04C71} = {3B7A800E-39B9-405E-895C-81E292A40C14}
		{FD53BBA8-F984-4A2D-A71E-893668F87862} = {3B7A800E-39B9-405E-895C-81E292A40C14}
	EndGlobalSection
EndGlobal
